# Run ./gradlew --write-locks to regenerate this file
classworlds:classworlds:1.1-alpha-2 (1 constraints: 3c1559a6)
com.diffplug.durian:durian-collect:1.2.0 (3 constraints: 4d313bd2)
com.diffplug.durian:durian-core:1.2.0 (4 constraints: 2640ae56)
com.diffplug.durian:durian-io:1.2.0 (1 constraints: 1313c62d)
com.diffplug.spotless:spotless-lib:2.25.3 (2 constraints: f424dde6)
com.diffplug.spotless:spotless-lib-extra:2.25.3 (1 constraints: 4c132341)
com.diffplug.spotless:spotless-plugin-gradle:6.6.1 (1 constraints: 0f051c36)
com.github.ben-manes.caffeine:caffeine:3.0.5 (1 constraints: e312a21b)
com.github.kevinstern:software-and-algorithms:1.0 (1 constraints: 7e12fcf5)
com.google.auto:auto-common:1.2.1 (3 constraints: 14321a1e)
com.google.auto.service:auto-service:1.0.1 (1 constraints: 0405f135)
com.google.auto.service:auto-service-annotations:1.0.1 (3 constraints: 2a3379a0)
com.google.auto.value:auto-value:1.7.4 (1 constraints: 1f1221fb)
com.google.auto.value:auto-value-annotations:1.9 (3 constraints: 802d5ac8)
com.google.code.findbugs:jsr305:3.0.2 (6 constraints: 66626968)
com.google.errorprone:error_prone_annotation:2.14.0 (3 constraints: c138efec)
com.google.errorprone:error_prone_annotations:2.14.0 (12 constraints: 82bdfe8c)
com.google.errorprone:error_prone_check_api:2.14.0 (2 constraints: b025d8fe)
com.google.errorprone:error_prone_core:2.14.0 (3 constraints: f4251f64)
com.google.errorprone:error_prone_refaster:2.14.0 (1 constraints: 3905393b)
com.google.errorprone:error_prone_test_helpers:2.14.0 (1 constraints: 3905393b)
com.google.errorprone:error_prone_type_annotations:2.14.0 (1 constraints: 24114ec9)
com.google.googlejavaformat:google-java-format:1.13.0 (1 constraints: 8b149d75)
com.google.guava:failureaccess:1.0.1 (1 constraints: 140ae1b4)
com.google.guava:guava:31.1-jre (12 constraints: e1ce71e6)
com.google.guava:listenablefuture:9999.0-empty-to-avoid-conflict-with-guava (1 constraints: bd17c918)
com.google.j2objc:j2objc-annotations:1.3 (1 constraints: b809eda0)
com.google.jimfs:jimfs:1.2 (1 constraints: fb138b38)
com.google.protobuf:protobuf-java:3.19.2 (1 constraints: 2c1165c9)
com.google.testing.compile:compile-testing:0.19 (1 constraints: 3214b94c)
com.google.truth:truth:1.1.3 (2 constraints: 1126a31d)
com.googlecode.concurrent-trees:concurrent-trees:2.6.1 (1 constraints: 761166da)
com.googlecode.java-diff-utils:diffutils:1.3.0 (1 constraints: 0605f935)
com.googlecode.javaewah:JavaEWAH:1.1.12 (1 constraints: 750eee5e)
com.palantir.gradle.utils:lazily-configured-mapping:0.1.0 (1 constraints: 0305ee35)
com.palantir.javaformat:gradle-palantir-java-format:1.1.0 (1 constraints: 0405f335)
com.palantir.javaformat:palantir-java-format-spi:1.1.0 (1 constraints: 711560be)
com.palantir.safe-logging:preconditions:1.26.0 (6 constraints: 4b58cd5b)
com.palantir.safe-logging:safe-logging:1.26.0 (8 constraints: cb78647b)
com.palantir.tritium:tritium-registry:0.48.0 (1 constraints: 3e05473b)
commons-io:commons-io:2.11.0 (1 constraints: be14ed98)
commons-lang:commons-lang:2.6 (1 constraints: ac04232c)
io.dropwizard.metrics:metrics-core:4.1.1 (1 constraints: 901088a5)
io.github.java-diff-utils:java-diff-utils:4.0 (1 constraints: 811205f6)
junit:junit:4.13.2 (9 constraints: ce843506)
net.bytebuddy:byte-buddy:1.12.10 (2 constraints: e9163f66)
net.bytebuddy:byte-buddy-agent:1.12.10 (1 constraints: 6f0ba8e9)
net.ltgt.gradle:gradle-errorprone-plugin:2.0.2 (1 constraints: 0605f735)
org.apache.commons:commons-lang3:3.12.0 (1 constraints: 38053b3b)
org.apache.maven:maven-artifact:2.0.5 (3 constraints: 5032579f)
org.apache.maven:maven-artifact-manager:2.0.5 (1 constraints: 310dcb20)
org.apache.maven:maven-model:2.0.5 (4 constraints: 953c1928)
org.apache.maven:maven-profile:2.0.5 (1 constraints: 310dcb20)
org.apache.maven:maven-project:2.0.5 (1 constraints: 91142d84)
org.apache.maven:maven-repository-metadata:2.0.5 (1 constraints: 9010bab6)
org.apache.maven:maven-settings:2.0.5 (1 constraints: 310dcb20)
org.apache.maven.shared:maven-dependency-analyzer:1.12.0 (1 constraints: 36052f3b)
org.apache.maven.wagon:wagon-provider-api:1.0-beta-2 (1 constraints: 54120e10)
org.assertj:assertj-core:3.23.0 (3 constraints: df2a0e9e)
org.checkerframework:checker-qual:3.22.0 (3 constraints: 08256088)
org.checkerframework:dataflow-errorprone:3.22.0 (4 constraints: f93dc85b)
org.codehaus.groovy:groovy:3.0.9 (3 constraints: b52813bc)
org.codehaus.groovy:groovy-xml:3.0.9 (1 constraints: 791161da)
org.codehaus.plexus:plexus-component-annotations:2.1.1 (1 constraints: 8e142c84)
org.codehaus.plexus:plexus-container-default:1.0-alpha-9 (4 constraints: 6841d5d5)
org.codehaus.plexus:plexus-utils:1.5.1 (10 constraints: a99af4e0)
org.eclipse.jgit:org.eclipse.jgit:5.13.0.202109080827-r (3 constraints: a43f6e15)
org.hamcrest:hamcrest:2.2 (2 constraints: 43187376)
org.hamcrest:hamcrest-core:2.2 (4 constraints: 2b2b359e)
org.hamcrest:hamcrest-library:2.2 (1 constraints: fc138e38)
org.immutables:value:2.8.8 (1 constraints: 14051536)
org.inferred:freebuilder:1.14.6 (1 constraints: 3e053b3b)
org.mockito:mockito-core:4.6.0 (4 constraints: a43294c8)
org.mockito:mockito-errorprone:4.6.0 (1 constraints: 0c051136)
org.objenesis:objenesis:3.2 (2 constraints: 9a17f457)
org.ow2.asm:asm:9.3 (3 constraints: e92232eb)
org.pcollections:pcollections:3.1.4 (1 constraints: f51029b8)
org.slf4j:slf4j-api:1.7.36 (6 constraints: 2d520723)

[Test dependencies]
cglib:cglib-nodep:3.2.2 (1 constraints: 490ded24)
com.fasterxml.jackson.core:jackson-annotations:2.13.3 (4 constraints: 5b3580b9)
com.fasterxml.jackson.core:jackson-core:2.13.3 (2 constraints: 0a2a8a13)
com.fasterxml.jackson.core:jackson-databind:2.13.3 (5 constraints: 694bdb63)
com.fasterxml.jackson.module:jackson-module-afterburner:2.13.3 (1 constraints: 3b053b3b)
com.github.stefanbirkner:system-rules:1.19.0 (1 constraints: 3d05443b)
com.netflix.nebula:nebula-test:10.1.0 (1 constraints: 34052a3b)
com.palantir.conjure.java:conjure-lib:6.49.0 (1 constraints: 45056e3b)
com.palantir.conjure.java.api:errors:2.25.0 (2 constraints: 6d21c4b0)
com.palantir.conjure.java.api:test-utils:2.25.0 (1 constraints: 3b05423b)
com.palantir.ri:resource-identifier:2.4.0 (1 constraints: ee0f7699)
com.palantir.safe-logging:logger:1.26.0 (2 constraints: 41131f57)
com.palantir.safe-logging:logger-slf4j:1.26.0 (1 constraints: 340e9150)
com.palantir.safe-logging:logger-spi:1.26.0 (2 constraints: 771ed8b0)
com.palantir.safe-logging:preconditions-assertj:1.26.0 (1 constraints: 3b053f3b)
com.palantir.tokens:auth-tokens:3.14.0 (2 constraints: 591563da)
com.sun.activation:jakarta.activation:2.0.0 (1 constraints: 8b0f4491)
io.r2dbc:r2dbc-spi:0.9.0.RELEASE (1 constraints: f2083e99)
jakarta.annotation:jakarta.annotation-api:1.3.5 (1 constraints: f10f7399)
jakarta.ws.rs:jakarta.ws.rs-api:2.1.6 (1 constraints: f10f7399)
jakarta.xml.bind:jakarta.xml.bind-api:3.0.0 (1 constraints: bd069059)
junit:junit-dep:4.11 (1 constraints: ba1063b3)
net.lingala.zip4j:zip4j:1.3.2 (1 constraints: 0805fb35)
one.util:streamex:0.8.1 (1 constraints: 0b050436)
org.apiguardian:apiguardian-api:1.1.2 (7 constraints: 9d791b5f)
org.jooq:jooq:3.16.6 (1 constraints: 42054d3b)
org.junit.jupiter:junit-jupiter:5.8.2 (1 constraints: 11051e36)
org.junit.jupiter:junit-jupiter-api:5.8.2 (5 constraints: 5e53d0bd)
org.junit.jupiter:junit-jupiter-engine:5.8.2 (1 constraints: 0c0edf3b)
org.junit.jupiter:junit-jupiter-migrationsupport:5.8.2 (1 constraints: 11051e36)
org.junit.jupiter:junit-jupiter-params:5.8.2 (1 constraints: 0c0edf3b)
org.junit.platform:junit-platform-commons:1.8.2 (2 constraints: dd200b4b)
org.junit.platform:junit-platform-engine:1.8.2 (3 constraints: 5e2e6f7f)
org.junit.vintage:junit-vintage-engine:5.8.2 (1 constraints: 11051e36)
org.mockito:mockito-junit-jupiter:4.6.0 (1 constraints: 0c051136)
org.opentest4j:opentest4j:1.2.0 (2 constraints: cd205b49)
org.reactivestreams:reactive-streams:1.0.3 (1 constraints: ef07e77b)
org.spockframework:spock-core:2.0-M4-groovy-3.0 (2 constraints: e822d65a)
org.spockframework:spock-junit4:2.0-M4-groovy-3.0 (1 constraints: 25115ddf)
