# Run ./gradlew writeVersionsLocks to regenerate this file
aopalliance:aopalliance:1.0 (1 constraints: 170a83ac)
com.diffplug.durian:durian-collect:1.2.0 (3 constraints: 4d313bd2)
com.diffplug.durian:durian-core:1.2.0 (4 constraints: 2640ae56)
com.diffplug.durian:durian-io:1.2.0 (1 constraints: 1313c62d)
com.diffplug.spotless:spotless-lib:2.25.3 (2 constraints: f424dde6)
com.diffplug.spotless:spotless-lib-extra:2.25.3 (1 constraints: 4c132341)
com.diffplug.spotless:spotless-plugin-gradle:6.6.0 (1 constraints: 0e051b36)
com.github.ben-manes.caffeine:caffeine:3.1.8 (8 constraints: b077e516)
com.github.kevinstern:software-and-algorithms:1.0 (1 constraints: 7e12fcf5)
com.google.auto:auto-common:1.2.2 (3 constraints: a432fc93)
com.google.auto.service:auto-service:1.1.1 (1 constraints: 0505f435)
com.google.auto.service:auto-service-annotations:1.1.1 (2 constraints: 8a20341c)
com.google.auto.value:auto-value-annotations:1.10.4 (3 constraints: ac2df2f5)
com.google.code.findbugs:jsr305:3.0.2 (42 constraints: 97ca16ca)
com.google.errorprone:error_prone_annotation:2.30.0 (3 constraints: bb38a3eb)
com.google.errorprone:error_prone_annotations:2.30.0 (35 constraints: 5c3a55fe)
com.google.errorprone:error_prone_check_api:2.30.0 (2 constraints: ac2560fe)
com.google.errorprone:error_prone_core:2.30.0 (1 constraints: 3705373b)
com.google.errorprone:error_prone_type_annotations:2.30.0 (1 constraints: 22114ac9)
com.google.guava:failureaccess:1.0.2 (2 constraints: f2152a13)
com.google.guava:guava:33.3.1-jre (47 constraints: e148c0ad)
com.google.guava:listenablefuture:9999.0-empty-to-avoid-conflict-with-guava (1 constraints: bd17c918)
com.google.inject:guice:5.1.0 (1 constraints: e20b61f3)
com.google.j2objc:j2objc-annotations:3.0.0 (1 constraints: 150aeab4)
com.google.protobuf:protobuf-java:3.25.3 (4 constraints: c8453000)
com.googlecode.concurrent-trees:concurrent-trees:2.6.1 (1 constraints: 761166da)
com.googlecode.java-diff-utils:diffutils:1.3.0 (1 constraints: 0605f935)
com.googlecode.javaewah:JavaEWAH:1.1.12 (1 constraints: 750eee5e)
com.palantir.gradle.failure-reports:gradle-failure-reports-exceptions:1.2.0 (1 constraints: 0505f635)
com.palantir.gradle.utils:lazily-configured-mapping:0.1.0 (1 constraints: 0305ee35)
com.palantir.javaformat:gradle-palantir-java-format:1.1.0 (1 constraints: 0405f335)
com.palantir.javaformat:palantir-java-format-spi:1.1.0 (1 constraints: 711560be)
com.uber.nullaway:nullaway:0.11.3 (1 constraints: 3705293b)
commons-lang:commons-lang:2.6 (1 constraints: ac04232c)
io.github.eisop:dataflow-errorprone:3.41.0-eisop1 (3 constraints: 3e40ddde)
io.github.java-diff-utils:java-diff-utils:4.12 (1 constraints: b412c908)
javax.annotation:javax.annotation-api:1.2 (1 constraints: e01020af)
javax.inject:javax.inject:1 (9 constraints: 368518fe)
net.ltgt.gradle:gradle-errorprone-plugin:4.0.1 (1 constraints: 07050036)
org.apache.commons:commons-lang3:3.17.0 (6 constraints: 5351788b)
org.apache.maven:maven-artifact:3.9.1 (3 constraints: 82293854)
org.apache.maven:maven-builder-support:3.9.1 (3 constraints: 112c6464)
org.apache.maven:maven-core:3.9.1 (1 constraints: 0f051636)
org.apache.maven:maven-model:3.9.1 (4 constraints: cb3ac915)
org.apache.maven:maven-model-builder:3.9.1 (2 constraints: 321d6d0a)
org.apache.maven:maven-plugin-api:3.9.1 (1 constraints: e90b70f3)
org.apache.maven:maven-repository-metadata:3.9.1 (2 constraints: 321d6d0a)
org.apache.maven:maven-resolver-provider:3.9.1 (1 constraints: e90b70f3)
org.apache.maven:maven-settings:3.9.1 (2 constraints: ad1c8de9)
org.apache.maven:maven-settings-builder:3.9.1 (1 constraints: e90b70f3)
org.apache.maven.resolver:maven-resolver-api:1.9.7 (5 constraints: 7c5643f6)
org.apache.maven.resolver:maven-resolver-impl:1.9.7 (2 constraints: 3a1d290b)
org.apache.maven.resolver:maven-resolver-named-locks:1.9.7 (1 constraints: 3513e634)
org.apache.maven.resolver:maven-resolver-spi:1.9.7 (3 constraints: 6e306f6a)
org.apache.maven.resolver:maven-resolver-util:1.9.7 (3 constraints: 6e306f6a)
org.apache.maven.shared:maven-dependency-analyzer:1.15.0 (1 constraints: 3905383b)
org.apache.maven.shared:maven-shared-utils:3.3.4 (1 constraints: e60b61f3)
org.checkerframework:checker-qual:3.43.0 (4 constraints: 5b37f941)
org.checkerframework:dataflow-nullaway:3.43.0 (2 constraints: 691198f1)
org.codehaus.groovy:groovy:3.0.13 (3 constraints: 3a295322)
org.codehaus.groovy:groovy-xml:3.0.13 (1 constraints: 791161da)
org.codehaus.plexus:plexus-cipher:2.0 (1 constraints: 641174c7)
org.codehaus.plexus:plexus-classworlds:2.6.0 (3 constraints: 572b5104)
org.codehaus.plexus:plexus-component-annotations:2.1.0 (2 constraints: 241d860a)
org.codehaus.plexus:plexus-interpolation:1.26 (3 constraints: 7b2bf0f5)
org.codehaus.plexus:plexus-sec-dispatcher:2.0 (1 constraints: 5c100b99)
org.codehaus.plexus:plexus-utils:3.5.1 (11 constraints: 3fa89966)
org.eclipse.jgit:org.eclipse.jgit:5.13.0.202109080827-r (2 constraints: 562b9625)
org.eclipse.sisu:org.eclipse.sisu.inject:0.3.5 (3 constraints: 852caa93)
org.eclipse.sisu:org.eclipse.sisu.plexus:0.3.5 (2 constraints: 141abc34)
org.immutables:value:2.10.1 (2 constraints: fc1456c1)
org.inferred:freebuilder:1.14.6 (1 constraints: 3e053b3b)
org.jspecify:jspecify:1.0.0 (4 constraints: 1444f2f5)
org.ow2.asm:asm:9.7.1 (3 constraints: 56233b17)
org.pcollections:pcollections:4.0.1 (1 constraints: f21028b8)
org.slf4j:slf4j-api:1.7.36 (15 constraints: 9ae7e6fc)

[Test dependencies]
cglib:cglib-nodep:3.2.2 (1 constraints: 490ded24)
com.fasterxml.jackson.core:jackson-annotations:2.17.2 (17 constraints: bd0ffb59)
com.fasterxml.jackson.core:jackson-core:2.17.2 (11 constraints: cbeff884)
com.fasterxml.jackson.core:jackson-databind:2.17.2 (21 constraints: e68b7e8c)
com.fasterxml.jackson.dataformat:jackson-dataformat-cbor:2.17.2 (1 constraints: 821ca7a4)
com.fasterxml.jackson.dataformat:jackson-dataformat-smile:2.17.2 (1 constraints: 821ca7a4)
com.fasterxml.jackson.datatype:jackson-datatype-guava:2.17.2 (1 constraints: 821ca7a4)
com.fasterxml.jackson.datatype:jackson-datatype-jdk8:2.17.2 (1 constraints: 821ca7a4)
com.fasterxml.jackson.datatype:jackson-datatype-joda:2.17.2 (1 constraints: 821ca7a4)
com.fasterxml.jackson.datatype:jackson-datatype-jsr310:2.17.2 (1 constraints: 821ca7a4)
com.fasterxml.jackson.module:jackson-module-afterburner:2.17.2 (1 constraints: 3e05463b)
com.github.stefanbirkner:system-rules:1.19.0 (1 constraints: 3d05443b)
com.google.auto.value:auto-value:1.10 (1 constraints: e711f8e8)
com.google.code.findbugs:findbugs-annotations:3.0.1 (19 constraints: 9c3cc51c)
com.google.errorprone:error_prone_test_helpers:2.30.0 (1 constraints: 3705373b)
com.google.googlejavaformat:google-java-format:1.19.1 (1 constraints: 9214b075)
com.google.jimfs:jimfs:1.3.0 (1 constraints: 5a141061)
com.google.testing.compile:compile-testing:0.21.0 (1 constraints: 89149575)
com.google.truth:truth:1.4.0 (2 constraints: 72265a6a)
com.lmax:disruptor:3.4.2 (1 constraints: 6f1025ac)
com.netflix.nebula:nebula-test:10.6.1 (1 constraints: 3a053a3b)
com.palantir.atlasdb:atlasdb-api:0.1163.0 (1 constraints: 9d054346)
com.palantir.atlasdb:atlasdb-autobatch:0.1163.0 (2 constraints: 0b1e7b95)
com.palantir.atlasdb:atlasdb-buggify:0.1163.0 (1 constraints: 4e0d0d3b)
com.palantir.atlasdb:atlasdb-commons:0.1163.0 (6 constraints: 7f5f9c39)
com.palantir.atlasdb:commons-annotations:0.1163.0 (5 constraints: 034e0daa)
com.palantir.atlasdb:commons-executors:0.1163.0 (3 constraints: 8f2ef955)
com.palantir.atlasdb:commons-executors-api:0.1163.0 (2 constraints: 8a2113c9)
com.palantir.atlasdb:leader-election-api:0.1163.0 (4 constraints: 3e456f5b)
com.palantir.atlasdb:leader-election-api-protobufs:0.1163.0 (1 constraints: 92114902)
com.palantir.atlasdb:lock-api:0.1163.0 (1 constraints: 800ea56d)
com.palantir.atlasdb:lock-api-objects:0.1163.0 (7 constraints: 7c792b24)
com.palantir.atlasdb:lock-conjure-api-dialogue:0.1163.0 (1 constraints: 4e0d0d3b)
com.palantir.atlasdb:lock-conjure-api-objects:0.1163.0 (2 constraints: 3521cec0)
com.palantir.atlasdb:timelock-api:0.1163.0 (4 constraints: 8f438909)
com.palantir.atlasdb:timelock-api-dialogue:0.1163.0 (1 constraints: 4e0d0d3b)
com.palantir.atlasdb:timelock-api-jersey:0.1163.0 (1 constraints: 4e0d0d3b)
com.palantir.atlasdb:timelock-api-objects:0.1163.0 (3 constraints: 7c31d8b0)
com.palantir.atlasdb:timestamp-api:0.1163.0 (4 constraints: ee3cbf57)
com.palantir.atlasdb:timestamp-client:0.1163.0 (2 constraints: b21ddf8c)
com.palantir.common:streams:2.4.0 (3 constraints: 4f2a71b5)
com.palantir.conjure.java:conjure-lib:8.29.0 (8 constraints: 5882c015)
com.palantir.conjure.java:conjure-undertow-annotations:8.29.0 (1 constraints: 39117cdf)
com.palantir.conjure.java:conjure-undertow-lib:8.29.0 (2 constraints: 7f28ff51)
com.palantir.conjure.java.api:errors:2.53.0 (4 constraints: e341d751)
com.palantir.conjure.java.api:service-config:2.53.0 (4 constraints: 3848c44d)
com.palantir.conjure.java.api:ssl-config:2.53.0 (5 constraints: 9358b39c)
com.palantir.conjure.java.api:test-utils:2.53.0 (1 constraints: 3c05483b)
com.palantir.conjure.java.runtime:client-config:8.15.0 (3 constraints: a2332e78)
com.palantir.conjure.java.runtime:conjure-java-annotations:8.15.0 (1 constraints: 4005623b)
com.palantir.conjure.java.runtime:conjure-java-jackson-optimizations:8.15.0 (1 constraints: 841cc3a4)
com.palantir.conjure.java.runtime:conjure-java-jackson-serialization:8.15.0 (1 constraints: ad0fc488)
com.palantir.conjure.java.runtime:keystores:8.15.0 (2 constraints: ab2493d6)
com.palantir.dialogue:dialogue-apache-hc5-client:3.135.0 (1 constraints: e71028cf)
com.palantir.dialogue:dialogue-blocking-channels:3.135.0 (2 constraints: 372426f4)
com.palantir.dialogue:dialogue-clients:3.135.0 (1 constraints: 510e375f)
com.palantir.dialogue:dialogue-core:3.135.0 (2 constraints: 16253943)
com.palantir.dialogue:dialogue-futures:3.135.0 (3 constraints: 5b347844)
com.palantir.dialogue:dialogue-serde:3.135.0 (1 constraints: e71028cf)
com.palantir.dialogue:dialogue-target:3.135.0 (7 constraints: 6c7fedd4)
com.palantir.nylon:nylon-threads:0.4.0 (2 constraints: bd20c731)
com.palantir.refreshable:refreshable:2.5.0 (5 constraints: 464ed525)
com.palantir.ri:resource-identifier:2.7.0 (5 constraints: 4e5ad307)
com.palantir.safe-logging:logger:3.7.0 (40 constraints: 9f947e49)
com.palantir.safe-logging:logger-slf4j:3.7.0 (1 constraints: 050e6842)
com.palantir.safe-logging:logger-spi:3.7.0 (2 constraints: 191ea27b)
com.palantir.safe-logging:preconditions:3.7.0 (39 constraints: e3841f67)
com.palantir.safe-logging:preconditions-assertj:3.7.0 (1 constraints: 0c050f36)
com.palantir.safe-logging:safe-logging:3.7.0 (48 constraints: f9237756)
com.palantir.safethreadlocalrandom:safe-thread-local-random:0.1.0 (3 constraints: 933225f9)
com.palantir.sls.versions:sls-versions:1.5.0 (1 constraints: fd1017ce)
com.palantir.tokens:auth-tokens:3.18.0 (8 constraints: 3d80c173)
com.palantir.tracing:tracing:6.20.0 (8 constraints: 7b896384)
com.palantir.tracing:tracing-api:6.20.0 (3 constraints: 4230d9e6)
com.palantir.tritium:tritium-annotations:0.94.0 (1 constraints: f30cbf20)
com.palantir.tritium:tritium-api:0.94.0 (7 constraints: 116c8962)
com.palantir.tritium:tritium-core:0.94.0 (6 constraints: 1b5d975d)
com.palantir.tritium:tritium-ids:0.94.0 (4 constraints: f23ade8e)
com.palantir.tritium:tritium-lib:0.94.0 (1 constraints: fc1150f1)
com.palantir.tritium:tritium-metrics:0.94.0 (8 constraints: 008a87fd)
com.palantir.tritium:tritium-proxy:0.94.0 (1 constraints: 850e8f59)
com.palantir.tritium:tritium-registry:0.94.0 (15 constraints: dbfb1302)
com.palantir.tritium:tritium-slf4j:0.94.0 (2 constraints: 8020493e)
com.palantir.tritium:tritium-time:0.94.0 (1 constraints: 850e8f59)
com.palantir.tritium:tritium-tracing:0.94.0 (2 constraints: 8020493e)
commons-io:commons-io:2.17.0 (1 constraints: 3c05443b)
io.dropwizard.metrics:metrics-core:4.2.27 (12 constraints: abcb8bea)
io.r2dbc:r2dbc-spi:1.0.0.RELEASE (1 constraints: ea08e898)
io.undertow:undertow-core:2.2.36.Final (3 constraints: 854286f9)
javax.ws.rs:javax.ws.rs-api:2.1.1 (7 constraints: ae6250d7)
joda-time:joda-time:2.10.14 (1 constraints: 5b160f08)
junit:junit:4.13.2 (8 constraints: 1e723e1a)
junit:junit-dep:4.11 (1 constraints: ba1063b3)
net.bytebuddy:byte-buddy:1.15.4 (3 constraints: 4a254293)
net.jpountz.lz4:lz4:1.3.0 (1 constraints: ab0f2888)
net.lingala.zip4j:zip4j:1.3.2 (1 constraints: 0805fb35)
one.util:streamex:0.8.3 (1 constraints: 0d050636)
org.apache.httpcomponents.client5:httpclient5:5.3.1 (1 constraints: cd13996e)
org.apache.httpcomponents.core5:httpcore5:5.2.4 (3 constraints: 6639870e)
org.apache.httpcomponents.core5:httpcore5-h2:5.2.4 (1 constraints: 3f130d3c)
org.apiguardian:apiguardian-api:1.1.2 (7 constraints: 9d791b5f)
org.assertj:assertj-core:3.26.3 (3 constraints: ef2a08a2)
org.eclipse.collections:eclipse-collections:11.1.0 (2 constraints: f41fa02a)
org.eclipse.collections:eclipse-collections-api:11.1.0 (4 constraints: e8402d4a)
org.hamcrest:hamcrest:3.0 (2 constraints: 42185076)
org.hamcrest:hamcrest-core:3.0 (4 constraints: 2a2bcb9d)
org.hamcrest:hamcrest-library:2.2 (1 constraints: fc138e38)
org.hdrhistogram:HdrHistogram:2.2.2 (1 constraints: 0e100092)
org.jboss.logging:jboss-logging:3.4.1.Final (3 constraints: f03036d7)
org.jboss.threads:jboss-threads:3.5.0.Final (3 constraints: b52a2fe5)
org.jboss.xnio:xnio-api:3.8.16.Final (3 constraints: 34340a18)
org.jboss.xnio:xnio-nio:3.8.16.Final (1 constraints: f80dc53d)
org.jetbrains:annotations:24.1.0 (4 constraints: ce459c23)
org.jooq:jooq:3.19.13 (1 constraints: 7305c440)
org.junit.jupiter:junit-jupiter:5.11.2 (1 constraints: 3b05463b)
org.junit.jupiter:junit-jupiter-api:5.11.2 (4 constraints: 3d455ef9)
org.junit.jupiter:junit-jupiter-engine:5.11.2 (1 constraints: 360e024a)
org.junit.jupiter:junit-jupiter-migrationsupport:5.11.2 (1 constraints: 3b05463b)
org.junit.jupiter:junit-jupiter-params:5.11.2 (1 constraints: 360e024a)
org.junit.platform:junit-platform-commons:1.11.2 (2 constraints: 3121b983)
org.junit.platform:junit-platform-engine:1.11.2 (3 constraints: b42ed1c5)
org.junit.vintage:junit-vintage-engine:5.11.2 (1 constraints: 3b05463b)
org.mockito:mockito-core:5.14.2 (1 constraints: 4c11b0e0)
org.mpierce.metrics.reservoir:hdrhistogram-metrics-reservoir:1.1.3 (1 constraints: 0d10f991)
org.objenesis:objenesis:3.3 (2 constraints: 9b17f557)
org.opentest4j:opentest4j:1.3.0 (2 constraints: cf209249)
org.reactivestreams:reactive-streams:1.0.3 (1 constraints: ef07e77b)
org.spockframework:spock-core:2.3-groovy-3.0 (2 constraints: 922109a6)
org.spockframework:spock-junit4:2.3-groovy-3.0 (1 constraints: 7a1000b0)
org.wildfly.client:wildfly-client-config:1.0.1.Final (1 constraints: 940c6308)
org.wildfly.common:wildfly-common:1.7.0.Final (3 constraints: 203237d9)
