# Run ./gradlew --write-locks to regenerate this file
classworlds:classworlds:1.1-alpha-2 (2 constraints: 6729b5ba)
com.diffplug.durian:durian-collect:1.2.0 (4 constraints: 4543fa9d)
com.diffplug.durian:durian-core:1.2.0 (5 constraints: 1e52d517)
com.diffplug.durian:durian-io:1.2.0 (2 constraints: 0b258ef3)
com.diffplug.spotless:spotless-lib:2.22.1 (3 constraints: 1537c170)
com.diffplug.spotless:spotless-lib-extra:2.22.1 (2 constraints: 7225c836)
com.diffplug.spotless:spotless-plugin-gradle:6.2.1 (2 constraints: 08173b30)
com.github.ben-manes.caffeine:caffeine:3.0.5 (3 constraints: d934c115)
com.github.kevinstern:software-and-algorithms:1.0 (2 constraints: 16246655)
com.google.auto:auto-common:1.2.1 (5 constraints: f75363e5)
com.google.auto.service:auto-service:1.0.1 (2 constraints: fb16992e)
com.google.auto.service:auto-service-annotations:1.0.1 (10 constraints: a2a90801)
com.google.auto.value:auto-value:1.5.3 (2 constraints: 1a24c88f)
com.google.auto.value:auto-value-annotations:1.7.4 (4 constraints: 7f3f06d1)
com.google.code.findbugs:jFormatString:3.0.0 (2 constraints: e8220411)
com.google.code.findbugs:jsr305:3.0.2 (16 constraints: 2106b8e9)
com.google.errorprone:error_prone_annotation:2.10.0 (4 constraints: dd4ac17a)
com.google.errorprone:error_prone_annotations:2.11.0 (19 constraints: 2827bf50)
com.google.errorprone:error_prone_check_api:2.10.0 (3 constraints: d03776af)
com.google.errorprone:error_prone_core:2.10.0 (4 constraints: 10380f25)
com.google.errorprone:error_prone_refaster:2.10.0 (2 constraints: 5d170055)
com.google.errorprone:error_prone_test_helpers:2.10.0 (2 constraints: 5d170055)
com.google.errorprone:error_prone_type_annotations:2.10.0 (2 constraints: 4823fc4e)
com.google.errorprone:javac:9+181-r4173-1 (4 constraints: 3352a10d)
com.google.errorprone:javac-shaded:9-dev-r4023-3 (2 constraints: 8b2aeeab)
com.google.googlejavaformat:google-java-format:1.4 (2 constraints: 99253be1)
com.google.guava:failureaccess:1.0.1 (6 constraints: 6d5a9af9)
com.google.guava:guava:31.0.1-jre (17 constraints: 43228671)
com.google.guava:listenablefuture:9999.0-empty-to-avoid-conflict-with-guava (6 constraints: 63ac7b04)
com.google.j2objc:j2objc-annotations:1.3 (6 constraints: 4558eba9)
com.google.jimfs:jimfs:1.1 (2 constraints: 9325a2e0)
com.google.protobuf:protobuf-java:3.4.0 (2 constraints: f022e811)
com.google.testing.compile:compile-testing:0.18 (2 constraints: 01266425)
com.google.truth:truth:1.1 (3 constraints: 7f37f51e)
com.googlecode.concurrent-trees:concurrent-trees:2.6.1 (2 constraints: 7423084e)
com.googlecode.java-diff-utils:diffutils:1.3.0 (2 constraints: ff160f2f)
com.googlecode.javaewah:JavaEWAH:1.1.12 (2 constraints: 9f205777)
com.palantir.baseline:baseline-error-prone:4.68.0 (2 constraints: 7a177958)
com.palantir.javaformat:gradle-palantir-java-format:1.1.0 (2 constraints: fb169d2e)
com.palantir.javaformat:palantir-java-format-spi:1.1.0 (2 constraints: 682782ed)
com.palantir.safe-logging:preconditions:1.21.0 (8 constraints: 997b62bd)
com.palantir.safe-logging:safe-logging:1.21.0 (11 constraints: 9daa3429)
com.palantir.tritium:tritium-registry:0.38.0 (3 constraints: 8f27854d)
commons-io:commons-io:2.11.0 (2 constraints: 5d26187e)
commons-lang:commons-lang:2.6 (2 constraints: 4b1628e6)
io.dropwizard.metrics:metrics-core:4.1.2 (3 constraints: 7a32fe8b)
io.github.java-diff-utils:java-diff-utils:4.0 (2 constraints: 1c240b56)
junit:junit:4.13.2 (11 constraints: 53a5e6fc)
net.bytebuddy:byte-buddy:1.12.4 (5 constraints: 184cdf15)
net.bytebuddy:byte-buddy-agent:1.12.4 (4 constraints: 843ed716)
net.ltgt.gradle:gradle-errorprone-plugin:2.0.2 (2 constraints: ff160b2f)
org.apache.commons:commons-lang3:3.12.0 (3 constraints: 8027934a)
org.apache.maven:maven-artifact:2.0.5 (4 constraints: 4c44b2c8)
org.apache.maven:maven-artifact-manager:2.0.5 (2 constraints: 2d1f56d7)
org.apache.maven:maven-model:2.0.5 (5 constraints: 914e167f)
org.apache.maven:maven-profile:2.0.5 (2 constraints: 2d1f56d7)
org.apache.maven:maven-project:2.0.5 (2 constraints: 8d268a90)
org.apache.maven:maven-repository-metadata:2.0.5 (2 constraints: 8c223f0f)
org.apache.maven:maven-settings:2.0.5 (2 constraints: 2d1f56d7)
org.apache.maven.shared:maven-dependency-analyzer:1.12.0 (2 constraints: 61173455)
org.apache.maven.wagon:wagon-provider-api:1.0-beta-2 (2 constraints: 14267980)
org.assertj:assertj-core:3.22.0 (6 constraints: ff5e0306)
org.checkerframework:checker-qual:3.19.0 (8 constraints: 4676f9e9)
org.checkerframework:dataflow-errorprone:3.15.0 (4 constraints: f54a7d82)
org.codehaus.groovy:groovy:3.0.9 (4 constraints: b63a12f0)
org.codehaus.groovy:groovy-xml:3.0.9 (2 constraints: 7a23974e)
org.codehaus.plexus:plexus-component-annotations:2.1.1 (2 constraints: 86269f8f)
org.codehaus.plexus:plexus-container-default:1.0-alpha-9 (5 constraints: 99554941)
org.codehaus.plexus:plexus-utils:1.5.1 (11 constraints: a5acf0d6)
org.eclipse.jgit:org.eclipse.jgit:5.13.0.202109080827-r (4 constraints: 0655560f)
org.hamcrest:hamcrest:2.2 (3 constraints: de29cb0a)
org.hamcrest:hamcrest-core:2.2 (5 constraints: c63ca3e1)
org.hamcrest:hamcrest-library:1.3 (2 constraints: 972508e1)
org.immutables:value:2.9.0 (6 constraints: a155c507)
org.inferred:freebuilder:1.14.6 (2 constraints: 6f17ec56)
org.mockito:mockito-core:4.2.0 (6 constraints: 2754865d)
org.mockito:mockito-errorprone:4.2.0 (2 constraints: 0217572f)
org.objenesis:objenesis:3.2 (6 constraints: fa55f291)
org.ow2.asm:asm:9.2 (5 constraints: 5f41ffd3)
org.pcollections:pcollections:2.1.2 (2 constraints: ec226a11)
org.slf4j:slf4j-api:1.7.35 (15 constraints: 89e98146)

[Test dependencies]
cglib:cglib-nodep:3.3.0 (2 constraints: 7a1acf3c)
com.fasterxml.jackson:jackson-bom:2.12.5 (6 constraints: bb68d41c)
com.fasterxml.jackson.core:jackson-annotations:2.12.5 (8 constraints: 48755c48)
com.fasterxml.jackson.core:jackson-core:2.12.5 (7 constraints: 00784a7e)
com.fasterxml.jackson.core:jackson-databind:2.12.5 (6 constraints: 77654a48)
com.fasterxml.jackson.module:jackson-module-afterburner:2.12.5 (5 constraints: 264567e8)
com.github.stefanbirkner:system-rules:1.19.0 (1 constraints: 3d05443b)
com.netflix.nebula:nebula-test:10.1.0 (1 constraints: 34052a3b)
com.palantir.conjure.java:conjure-lib:6.16.0 (1 constraints: 3f05593b)
com.palantir.conjure.java.api:errors:2.23.0 (2 constraints: 692154b0)
com.palantir.conjure.java.api:test-utils:2.23.0 (1 constraints: 3805393b)
com.palantir.ri:resource-identifier:2.3.0 (1 constraints: ed0f7399)
com.palantir.safe-logging:logger:1.21.0 (5 constraints: 5c44bd5d)
com.palantir.safe-logging:logger-slf4j:1.21.0 (5 constraints: 564db50b)
com.palantir.safe-logging:logger-spi:1.21.0 (6 constraints: 945dbf3c)
com.palantir.safe-logging:preconditions-assertj:1.21.0 (1 constraints: 35052d3b)
com.palantir.tokens:auth-tokens:3.11.0 (4 constraints: 62365f65)
com.sun.activation:jakarta.activation:2.0.0 (1 constraints: 8b0f4491)
io.r2dbc:r2dbc-spi:0.9.0.RELEASE (1 constraints: f2083e99)
jakarta.annotation:jakarta.annotation-api:1.3.5 (2 constraints: c81d9c4e)
jakarta.ws.rs:jakarta.ws.rs-api:2.1.6 (2 constraints: c81d9c4e)
jakarta.xml.bind:jakarta.xml.bind-api:3.0.0 (1 constraints: bd069059)
junit:junit-dep:4.11 (1 constraints: ba1063b3)
net.lingala.zip4j:zip4j:1.3.2 (1 constraints: 0805fb35)
one.util:streamex:0.8.1 (1 constraints: 0b050436)
org.jetbrains:annotations:19.0.0 (1 constraints: 660d8f2c)
org.jooq:jooq:3.16.3 (1 constraints: 3f054a3b)
org.junit:junit-bom:5.8.2 (12 constraints: 6ac77fbf)
org.junit.jupiter:junit-jupiter:5.8.2 (2 constraints: 260e7a59)
org.junit.jupiter:junit-jupiter-api:5.8.2 (6 constraints: 735c0198)
org.junit.jupiter:junit-jupiter-engine:5.8.2 (2 constraints: 2117d23c)
org.junit.jupiter:junit-jupiter-migrationsupport:5.8.2 (2 constraints: 260e7a59)
org.junit.jupiter:junit-jupiter-params:5.8.2 (2 constraints: 2117d23c)
org.junit.platform:junit-platform-commons:1.8.2 (3 constraints: ee29ed2b)
org.junit.platform:junit-platform-engine:1.8.2 (4 constraints: 863c7bdc)
org.junit.platform:junit-platform-launcher:1.8.2 (2 constraints: 121b944a)
org.junit.platform:junit-platform-testkit:1.8.2 (1 constraints: 12097995)
org.junit.vintage:junit-vintage-engine:5.8.2 (1 constraints: 16098d95)
org.mockito:mockito-junit-jupiter:4.2.0 (1 constraints: 07050236)
org.opentest4j:opentest4j:1.2.0 (3 constraints: c53224a1)
org.reactivestreams:reactive-streams:1.0.3 (1 constraints: ef07e77b)
org.spockframework:spock-core:2.0-M4-groovy-3.0 (2 constraints: e822d65a)
org.spockframework:spock-junit4:2.0-M4-groovy-3.0 (1 constraints: 25115ddf)
