# Danger! Multiple jars contain identically named classes. This may cause different behaviour depending on classpath ordering.
# Run ./gradlew checkClassUniqueness --write-locks to update this file

## runtimeClasspath
[org.eclipse.platform:org.eclipse.osgi, org.osgi:org.osgi.dto]
  - org.osgi.dto.DTO
  - org.osgi.dto.package-info
[org.eclipse.platform:org.eclipse.osgi, org.osgi:org.osgi.framework]
  - org.osgi.framework.AdaptPermission
  - org.osgi.framework.AdaptPermission$1
  - org.osgi.framework.AdaptPermissionCollection
  - org.osgi.framework.AdminPermission
  - org.osgi.framework.AdminPermission$1
  - org.osgi.framework.AdminPermissionCollection
  - org.osgi.framework.AllServiceListener
  - org.osgi.framework.Bundle
  - org.osgi.framework.BundleActivator
  - org.osgi.framework.BundleContext
  - org.osgi.framework.BundleEvent
  - org.osgi.framework.BundleException
  - org.osgi.framework.BundleListener
  - org.osgi.framework.BundlePermission
  - org.osgi.framework.BundlePermissionCollection
  - org.osgi.framework.BundleReference
  - org.osgi.framework.CapabilityPermission
  - org.osgi.framework.CapabilityPermission$1
  - org.osgi.framework.CapabilityPermission$Properties
  - org.osgi.framework.CapabilityPermissionCollection
  - org.osgi.framework.Configurable
  - org.osgi.framework.Constants
  - org.osgi.framework.Filter
  - org.osgi.framework.FrameworkEvent
  - org.osgi.framework.FrameworkListener
  - org.osgi.framework.FrameworkUtil
  - org.osgi.framework.FrameworkUtil$1
  - org.osgi.framework.FrameworkUtil$DNChainMatching
  - org.osgi.framework.InvalidSyntaxException
  - org.osgi.framework.PackagePermission
  - org.osgi.framework.PackagePermission$1
  - org.osgi.framework.PackagePermissionCollection
  - org.osgi.framework.PrototypeServiceFactory
  - org.osgi.framework.ServiceEvent
  - org.osgi.framework.ServiceException
  - org.osgi.framework.ServiceFactory
  - org.osgi.framework.ServiceListener
  - org.osgi.framework.ServiceObjects
  - org.osgi.framework.ServicePermission
  - org.osgi.framework.ServicePermission$1
  - org.osgi.framework.ServicePermission$Properties
  - org.osgi.framework.ServicePermission$Properties$Entry
  - org.osgi.framework.ServicePermissionCollection
  - org.osgi.framework.ServiceReference
  - org.osgi.framework.ServiceRegistration
  - org.osgi.framework.SignerProperty
  - org.osgi.framework.SynchronousBundleListener
  - org.osgi.framework.UnfilteredServiceListener
  - org.osgi.framework.Version
  - org.osgi.framework.VersionRange
  - org.osgi.framework.dto.BundleDTO
  - org.osgi.framework.dto.FrameworkDTO
  - org.osgi.framework.dto.ServiceReferenceDTO
  - org.osgi.framework.dto.package-info
  - org.osgi.framework.hooks.bundle.CollisionHook
  - org.osgi.framework.hooks.bundle.EventHook
  - org.osgi.framework.hooks.bundle.FindHook
  - org.osgi.framework.hooks.bundle.package-info
  - org.osgi.framework.hooks.resolver.ResolverHook
  - org.osgi.framework.hooks.resolver.ResolverHookFactory
  - org.osgi.framework.hooks.resolver.package-info
  - org.osgi.framework.hooks.service.EventHook
  - org.osgi.framework.hooks.service.EventListenerHook
  - org.osgi.framework.hooks.service.FindHook
  - org.osgi.framework.hooks.service.ListenerHook
  - org.osgi.framework.hooks.service.ListenerHook$ListenerInfo
  - org.osgi.framework.hooks.service.package-info
  - org.osgi.framework.hooks.weaving.WeavingException
  - org.osgi.framework.hooks.weaving.WeavingHook
  - org.osgi.framework.hooks.weaving.WovenClass
  - org.osgi.framework.hooks.weaving.WovenClassListener
  - org.osgi.framework.hooks.weaving.package-info
  - org.osgi.framework.launch.Framework
  - org.osgi.framework.launch.FrameworkFactory
  - org.osgi.framework.launch.package-info
  - org.osgi.framework.namespace.AbstractWiringNamespace
  - org.osgi.framework.namespace.BundleNamespace
  - org.osgi.framework.namespace.ExecutionEnvironmentNamespace
  - org.osgi.framework.namespace.HostNamespace
  - org.osgi.framework.namespace.IdentityNamespace
  - org.osgi.framework.namespace.NativeNamespace
  - org.osgi.framework.namespace.PackageNamespace
  - org.osgi.framework.namespace.package-info
  - org.osgi.framework.package-info
  - org.osgi.framework.startlevel.BundleStartLevel
  - org.osgi.framework.startlevel.FrameworkStartLevel
  - org.osgi.framework.startlevel.dto.BundleStartLevelDTO
  - org.osgi.framework.startlevel.dto.FrameworkStartLevelDTO
  - org.osgi.framework.startlevel.dto.package-info
  - org.osgi.framework.startlevel.package-info
  - org.osgi.framework.wiring.BundleCapability
  - org.osgi.framework.wiring.BundleRequirement
  - org.osgi.framework.wiring.BundleRevision
  - org.osgi.framework.wiring.BundleRevisions
  - org.osgi.framework.wiring.BundleWire
  - org.osgi.framework.wiring.BundleWiring
  - org.osgi.framework.wiring.FrameworkWiring
  - org.osgi.framework.wiring.dto.BundleRevisionDTO
  - org.osgi.framework.wiring.dto.BundleWireDTO
  - org.osgi.framework.wiring.dto.BundleWiringDTO
  - org.osgi.framework.wiring.dto.BundleWiringDTO$NodeDTO
  - org.osgi.framework.wiring.dto.package-info
  - org.osgi.framework.wiring.package-info
[org.eclipse.platform:org.eclipse.osgi, org.osgi:org.osgi.resource]
  - org.osgi.resource.Capability
  - org.osgi.resource.Namespace
  - org.osgi.resource.Requirement
  - org.osgi.resource.Resource
  - org.osgi.resource.Wire
  - org.osgi.resource.Wiring
  - org.osgi.resource.dto.CapabilityDTO
  - org.osgi.resource.dto.CapabilityRefDTO
  - org.osgi.resource.dto.RequirementDTO
  - org.osgi.resource.dto.RequirementRefDTO
  - org.osgi.resource.dto.ResourceDTO
  - org.osgi.resource.dto.WireDTO
  - org.osgi.resource.dto.WiringDTO
  - org.osgi.resource.dto.package-info
  - org.osgi.resource.package-info
[org.eclipse.platform:org.eclipse.osgi, org.osgi:org.osgi.service.log]
  - org.osgi.service.log.LogEntry
  - org.osgi.service.log.LogListener
  - org.osgi.service.log.LogReaderService
  - org.osgi.service.log.LogService
[org.eclipse.platform:org.eclipse.osgi, org.osgi:org.osgi.util.tracker]
  - org.osgi.util.tracker.AbstractTracked
  - org.osgi.util.tracker.BundleTracker
  - org.osgi.util.tracker.BundleTracker$Tracked
  - org.osgi.util.tracker.BundleTrackerCustomizer
  - org.osgi.util.tracker.ServiceTracker
  - org.osgi.util.tracker.ServiceTracker$AllTracked
  - org.osgi.util.tracker.ServiceTracker$Tracked
  - org.osgi.util.tracker.ServiceTrackerCustomizer
  - org.osgi.util.tracker.package-info
