# Danger! Multiple jars contain identically named classes. This may cause different behaviour depending on classpath ordering.
# Run ./gradlew checkClassUniqueness --write-locks to update this file

## runtimeClasspath
[com.google.auto.service:auto-service-annotations, com.google.errorprone:error_prone_core, com.google.errorprone:error_prone_refaster]
  - com.google.auto.service.AutoService
[com.google.auto.value:auto-value, com.google.auto.value:auto-value-annotations, com.google.errorprone:error_prone_core, com.google.errorprone:error_prone_refaster]
  - com.google.auto.value.AutoAnnotation
  - com.google.auto.value.AutoValue
  - com.google.auto.value.AutoValue$Builder
  - com.google.auto.value.AutoValue$CopyAnnotations
  - com.google.auto.value.extension.memoized.Memoized
[com.google.auto:auto-common, com.google.errorprone:error_prone_core, com.google.errorprone:error_prone_refaster]
  - com.google.auto.common.AnnotationMirrors
  - com.google.auto.common.AnnotationMirrors$1
  - com.google.auto.common.AnnotationMirrors$2
  - com.google.auto.common.AnnotationValues
  - com.google.auto.common.AnnotationValues$1
  - com.google.auto.common.AnnotationValues$1$1
  - com.google.auto.common.AnnotationValues$1$1$1
  - com.google.auto.common.AnnotationValues$1$1$2
  - com.google.auto.common.AnnotationValues$1$1$3
  - com.google.auto.common.AnnotationValues$1$1$4
  - com.google.auto.common.AnnotationValues$1$2
  - com.google.auto.common.BasicAnnotationProcessor
  - com.google.auto.common.BasicAnnotationProcessor$1
  - com.google.auto.common.BasicAnnotationProcessor$ElementName
  - com.google.auto.common.BasicAnnotationProcessor$ElementName$Kind
  - com.google.auto.common.BasicAnnotationProcessor$ProcessingStep
  - com.google.auto.common.GeneratedAnnotationSpecs
  - com.google.auto.common.MoreElements
  - com.google.auto.common.MoreElements$1
  - com.google.auto.common.MoreElements$2
  - com.google.auto.common.MoreElements$CastingElementVisitor
  - com.google.auto.common.MoreElements$ExecutableElementVisitor
  - com.google.auto.common.MoreElements$PackageElementVisitor
  - com.google.auto.common.MoreElements$TypeElementVisitor
  - com.google.auto.common.MoreElements$VariableElementVisitor
  - com.google.auto.common.MoreTypes
  - com.google.auto.common.MoreTypes$1
  - com.google.auto.common.MoreTypes$ArrayTypeVisitor
  - com.google.auto.common.MoreTypes$AsElementVisitor
  - com.google.auto.common.MoreTypes$CastingTypeVisitor
  - com.google.auto.common.MoreTypes$ComparedElements
  - com.google.auto.common.MoreTypes$DeclaredTypeVisitor
  - com.google.auto.common.MoreTypes$EqualVisitor
  - com.google.auto.common.MoreTypes$EqualVisitorParam
  - com.google.auto.common.MoreTypes$ErrorTypeVisitor
  - com.google.auto.common.MoreTypes$ExecutableTypeVisitor
  - com.google.auto.common.MoreTypes$HashVisitor
  - com.google.auto.common.MoreTypes$IsTypeOf
  - com.google.auto.common.MoreTypes$IsTypeVisitor
  - com.google.auto.common.MoreTypes$NoTypeVisitor
  - com.google.auto.common.MoreTypes$NullTypeVisitor
  - com.google.auto.common.MoreTypes$PrimitiveTypeVisitor
  - com.google.auto.common.MoreTypes$ReferencedTypes
  - com.google.auto.common.MoreTypes$TypeEquivalence
  - com.google.auto.common.MoreTypes$TypeVariableVisitor
  - com.google.auto.common.MoreTypes$WildcardTypeVisitor
  - com.google.auto.common.Overrides$ExplicitOverrides$TypeSubstVisitor
  - com.google.auto.common.SuperficialValidation
  - com.google.auto.common.SuperficialValidation$1
  - com.google.auto.common.SuperficialValidation$2
  - com.google.auto.common.SuperficialValidation$3
[com.google.code.findbugs:jsr305, com.google.errorprone:error_prone_core, com.google.errorprone:error_prone_refaster]
  - javax.annotation.MatchesPattern$Checker
  - javax.annotation.Nonnegative$Checker
  - javax.annotation.Nonnull$Checker
  - javax.annotation.RegEx$Checker
  - javax.annotation.meta.When
[com.google.errorprone:error_prone_core, com.google.errorprone:error_prone_refaster, com.google.guava:guava]
  - com.google.common.base.Ascii
  - com.google.common.base.Converter
  - com.google.common.base.Converter$1
  - com.google.common.base.Converter$1$1
  - com.google.common.base.Converter$ConverterComposition
  - com.google.common.base.Converter$FunctionBasedConverter
  - com.google.common.base.Converter$IdentityConverter
  - com.google.common.base.Converter$ReverseConverter
  - com.google.common.base.MoreObjects
  - com.google.common.base.MoreObjects$ToStringHelper
  - com.google.common.base.MoreObjects$ToStringHelper$ValueHolder
  - com.google.common.base.Platform
  - com.google.common.base.Platform$JdkPatternCompiler
  - com.google.common.base.Preconditions
  - com.google.common.cache.Cache
  - com.google.common.cache.CacheBuilder
  - com.google.common.cache.CacheBuilder$1
  - com.google.common.cache.CacheBuilder$2
  - com.google.common.cache.CacheBuilder$3
  - com.google.common.cache.CacheBuilder$NullListener
  - com.google.common.cache.CacheBuilder$OneWeigher
  - com.google.common.cache.CacheLoader
  - com.google.common.cache.CacheLoader$1
  - com.google.common.cache.CacheLoader$1$1
  - com.google.common.cache.CacheLoader$FunctionToCacheLoader
  - com.google.common.cache.CacheLoader$InvalidCacheLoadException
  - com.google.common.cache.CacheLoader$SupplierToCacheLoader
  - com.google.common.cache.CacheLoader$UnsupportedLoadingOperationException
  - com.google.common.cache.LocalCache
  - com.google.common.cache.LocalCache$AbstractCacheSet
  - com.google.common.cache.LocalCache$AccessQueue
  - com.google.common.cache.LocalCache$AccessQueue$1
  - com.google.common.cache.LocalCache$AccessQueue$2
  - com.google.common.cache.LocalCache$EntryIterator
  - com.google.common.cache.LocalCache$EntrySet
  - com.google.common.cache.LocalCache$HashIterator
  - com.google.common.cache.LocalCache$KeyIterator
  - com.google.common.cache.LocalCache$KeySet
  - com.google.common.cache.LocalCache$LoadingSerializationProxy
  - com.google.common.cache.LocalCache$LocalLoadingCache
  - com.google.common.cache.LocalCache$LocalManualCache
  - com.google.common.cache.LocalCache$LocalManualCache$1
  - com.google.common.cache.LocalCache$ManualSerializationProxy
  - com.google.common.cache.LocalCache$Segment
  - com.google.common.cache.LocalCache$ValueIterator
  - com.google.common.cache.LocalCache$Values
  - com.google.common.cache.LocalCache$WriteQueue
  - com.google.common.cache.LocalCache$WriteQueue$1
  - com.google.common.cache.LocalCache$WriteQueue$2
  - com.google.common.cache.LocalCache$WriteThroughEntry
  - com.google.common.collect.ArrayTable
  - com.google.common.collect.ArrayTable$1
  - com.google.common.collect.ArrayTable$2
  - com.google.common.collect.ArrayTable$3
  - com.google.common.collect.ArrayTable$ArrayMap
  - com.google.common.collect.ArrayTable$ArrayMap$1
  - com.google.common.collect.ArrayTable$ArrayMap$2
  - com.google.common.collect.ArrayTable$Column
  - com.google.common.collect.ArrayTable$ColumnMap
  - com.google.common.collect.ArrayTable$Row
  - com.google.common.collect.ArrayTable$RowMap
  - com.google.common.collect.ContiguousSet
  - com.google.common.collect.ImmutableBiMap
  - com.google.common.collect.ImmutableBiMap$Builder
  - com.google.common.collect.ImmutableBiMap$SerializedForm
  - com.google.common.collect.ImmutableClassToInstanceMap
  - com.google.common.collect.ImmutableClassToInstanceMap$Builder
  - com.google.common.collect.ImmutableCollection
  - com.google.common.collect.ImmutableCollection$Builder
  - com.google.common.collect.ImmutableList
  - com.google.common.collect.ImmutableList$Builder
  - com.google.common.collect.ImmutableList$ReverseImmutableList
  - com.google.common.collect.ImmutableList$SerializedForm
  - com.google.common.collect.ImmutableListMultimap
  - com.google.common.collect.ImmutableMap
  - com.google.common.collect.ImmutableMap$1
  - com.google.common.collect.ImmutableMap$Builder
  - com.google.common.collect.ImmutableMap$IteratorBasedImmutableMap
  - com.google.common.collect.ImmutableMap$IteratorBasedImmutableMap$1EntrySetImpl
  - com.google.common.collect.ImmutableMap$MapViewOfValuesAsSingletonSets
  - com.google.common.collect.ImmutableMap$MapViewOfValuesAsSingletonSets$1
  - com.google.common.collect.ImmutableMap$MapViewOfValuesAsSingletonSets$1$1
  - com.google.common.collect.ImmutableMap$SerializedForm
  - com.google.common.collect.ImmutableMultiset
  - com.google.common.collect.ImmutableMultiset$1
  - com.google.common.collect.ImmutableMultiset$Builder
  - com.google.common.collect.ImmutableMultiset$ElementSet
  - com.google.common.collect.ImmutableMultiset$EntrySet
  - com.google.common.collect.ImmutableMultiset$EntrySetSerializedForm
  - com.google.common.collect.ImmutableMultiset$SerializedForm
  - com.google.common.collect.ImmutableRangeMap
  - com.google.common.collect.ImmutableRangeMap$1
  - com.google.common.collect.ImmutableRangeMap$2
  - com.google.common.collect.ImmutableRangeMap$SerializedForm
  - com.google.common.collect.ImmutableRangeSet
  - com.google.common.collect.ImmutableRangeSet$1
  - com.google.common.collect.ImmutableRangeSet$AsSet
  - com.google.common.collect.ImmutableRangeSet$AsSet$1
  - com.google.common.collect.ImmutableRangeSet$AsSet$2
  - com.google.common.collect.ImmutableRangeSet$AsSetSerializedForm
  - com.google.common.collect.ImmutableRangeSet$Builder
  - com.google.common.collect.ImmutableRangeSet$ComplementRanges
  - com.google.common.collect.ImmutableRangeSet$SerializedForm
  - com.google.common.collect.ImmutableSet
  - com.google.common.collect.ImmutableSetMultimap
  - com.google.common.collect.ImmutableSetMultimap$Builder
  - com.google.common.collect.ImmutableSetMultimap$EntrySet
  - com.google.common.collect.ImmutableSetMultimap$SetFieldSettersHolder
  - com.google.common.collect.ImmutableSortedMap
  - com.google.common.collect.ImmutableSortedMap$1
  - com.google.common.collect.ImmutableSortedMap$Builder
  - com.google.common.collect.ImmutableSortedMap$SerializedForm
  - com.google.common.collect.ImmutableSortedMultiset
  - com.google.common.collect.ImmutableSortedMultiset$Builder
  - com.google.common.collect.ImmutableSortedMultiset$SerializedForm
  - com.google.common.collect.ImmutableSortedSet
  - com.google.common.collect.ImmutableSortedSet$1
  - com.google.common.collect.ImmutableSortedSet$SerializedForm
  - com.google.common.collect.ImmutableTable
  - com.google.common.collect.ImmutableTable$Builder
  - com.google.common.collect.ImmutableTable$SerializedForm
  - com.google.common.collect.Maps
  - com.google.common.collect.Maps$10
  - com.google.common.collect.Maps$11
  - com.google.common.collect.Maps$12
  - com.google.common.collect.Maps$13
  - com.google.common.collect.Maps$3
  - com.google.common.collect.Maps$4
  - com.google.common.collect.Maps$5
  - com.google.common.collect.Maps$6
  - com.google.common.collect.Maps$7
  - com.google.common.collect.Maps$8
  - com.google.common.collect.Maps$9
  - com.google.common.collect.Maps$AbstractFilteredMap
  - com.google.common.collect.Maps$AsMapView
  - com.google.common.collect.Maps$AsMapView$1EntrySetImpl
  - com.google.common.collect.Maps$BiMapConverter
  - com.google.common.collect.Maps$DescendingMap
  - com.google.common.collect.Maps$DescendingMap$1EntrySetImpl
  - com.google.common.collect.Maps$EntrySet
  - com.google.common.collect.Maps$FilteredEntryBiMap
  - com.google.common.collect.Maps$FilteredEntryBiMap$1
  - com.google.common.collect.Maps$FilteredEntryMap
  - com.google.common.collect.Maps$FilteredEntryMap$EntrySet
  - com.google.common.collect.Maps$FilteredEntryMap$EntrySet$1
  - com.google.common.collect.Maps$FilteredEntryMap$EntrySet$1$1
  - com.google.common.collect.Maps$FilteredEntryMap$KeySet
  - com.google.common.collect.Maps$FilteredEntryNavigableMap
  - com.google.common.collect.Maps$FilteredEntryNavigableMap$1
  - com.google.common.collect.Maps$FilteredEntrySortedMap
  - com.google.common.collect.Maps$FilteredEntrySortedMap$SortedKeySet
  - com.google.common.collect.Maps$FilteredKeyMap
  - com.google.common.collect.Maps$FilteredMapValues
  - com.google.common.collect.Maps$IteratorBasedAbstractMap
  - com.google.common.collect.Maps$IteratorBasedAbstractMap$1
  - com.google.common.collect.Maps$KeySet
  - com.google.common.collect.Maps$MapDifferenceImpl
  - com.google.common.collect.Maps$NavigableAsMapView
  - com.google.common.collect.Maps$NavigableKeySet
  - com.google.common.collect.Maps$SortedAsMapView
  - com.google.common.collect.Maps$SortedKeySet
  - com.google.common.collect.Maps$SortedMapDifferenceImpl
  - com.google.common.collect.Maps$TransformedEntriesMap
  - com.google.common.collect.Maps$TransformedEntriesNavigableMap
  - com.google.common.collect.Maps$TransformedEntriesSortedMap
  - com.google.common.collect.Maps$UnmodifiableBiMap
  - com.google.common.collect.Maps$UnmodifiableEntries
  - com.google.common.collect.Maps$UnmodifiableEntrySet
  - com.google.common.collect.Maps$UnmodifiableNavigableMap
  - com.google.common.collect.Maps$ValueDifferenceImpl
  - com.google.common.collect.Maps$Values
  - com.google.common.collect.Maps$ViewCachingAbstractMap
  - com.google.common.collect.Multimaps
  - com.google.common.collect.Multimaps$AsMap
  - com.google.common.collect.Multimaps$AsMap$EntrySet
  - com.google.common.collect.Multimaps$AsMap$EntrySet$1
  - com.google.common.collect.Multimaps$CustomListMultimap
  - com.google.common.collect.Multimaps$CustomMultimap
  - com.google.common.collect.Multimaps$CustomSetMultimap
  - com.google.common.collect.Multimaps$CustomSortedSetMultimap
  - com.google.common.collect.Multimaps$Entries
  - com.google.common.collect.Multimaps$Keys
  - com.google.common.collect.Multimaps$Keys$1
  - com.google.common.collect.Multimaps$Keys$1$1
  - com.google.common.collect.Multimaps$MapMultimap
  - com.google.common.collect.Multimaps$MapMultimap$1
  - com.google.common.collect.Multimaps$MapMultimap$1$1
  - com.google.common.collect.Multimaps$TransformedEntriesListMultimap
  - com.google.common.collect.Multimaps$TransformedEntriesMultimap
  - com.google.common.collect.Multimaps$TransformedEntriesMultimap$1
  - com.google.common.collect.Multimaps$UnmodifiableListMultimap
  - com.google.common.collect.Multimaps$UnmodifiableMultimap
  - com.google.common.collect.Multimaps$UnmodifiableMultimap$1
  - com.google.common.collect.Multimaps$UnmodifiableSetMultimap
  - com.google.common.collect.Multimaps$UnmodifiableSortedSetMultimap
  - com.google.common.collect.Multisets
  - com.google.common.collect.Multisets$1
  - com.google.common.collect.Multisets$1$1
  - com.google.common.collect.Multisets$2
  - com.google.common.collect.Multisets$2$1
  - com.google.common.collect.Multisets$3
  - com.google.common.collect.Multisets$3$1
  - com.google.common.collect.Multisets$4
  - com.google.common.collect.Multisets$4$1
  - com.google.common.collect.Multisets$4$2
  - com.google.common.collect.Multisets$5
  - com.google.common.collect.Multisets$AbstractEntry
  - com.google.common.collect.Multisets$DecreasingCount
  - com.google.common.collect.Multisets$ElementSet
  - com.google.common.collect.Multisets$EntrySet
  - com.google.common.collect.Multisets$FilteredMultiset
  - com.google.common.collect.Multisets$FilteredMultiset$1
  - com.google.common.collect.Multisets$ImmutableEntry
  - com.google.common.collect.Multisets$MultisetIteratorImpl
  - com.google.common.collect.Multisets$UnmodifiableMultiset
  - com.google.common.collect.Multisets$ViewMultiset
  - com.google.common.collect.Platform
  - com.google.common.collect.Sets
  - com.google.common.collect.Sets$1
  - com.google.common.collect.Sets$1$1
  - com.google.common.collect.Sets$2
  - com.google.common.collect.Sets$2$1
  - com.google.common.collect.Sets$3
  - com.google.common.collect.Sets$3$1
  - com.google.common.collect.Sets$4
  - com.google.common.collect.Sets$4$1
  - com.google.common.collect.Sets$5
  - com.google.common.collect.Sets$5$1
  - com.google.common.collect.Sets$5$1$1
  - com.google.common.collect.Sets$5$1$1$1
  - com.google.common.collect.Sets$CartesianSet
  - com.google.common.collect.Sets$CartesianSet$1
  - com.google.common.collect.Sets$DescendingSet
  - com.google.common.collect.Sets$FilteredNavigableSet
  - com.google.common.collect.Sets$FilteredSet
  - com.google.common.collect.Sets$FilteredSortedSet
  - com.google.common.collect.Sets$PowerSet
  - com.google.common.collect.Sets$PowerSet$1
  - com.google.common.collect.Sets$SetView
  - com.google.common.collect.Sets$SubSet
  - com.google.common.collect.Sets$SubSet$1
  - com.google.common.collect.Sets$UnmodifiableNavigableSet
  - com.google.common.collect.SortedLists
  - com.google.common.collect.SortedLists$KeyAbsentBehavior
  - com.google.common.collect.SortedLists$KeyAbsentBehavior$1
  - com.google.common.collect.SortedLists$KeyAbsentBehavior$2
  - com.google.common.collect.SortedLists$KeyAbsentBehavior$3
  - com.google.common.collect.SortedLists$KeyPresentBehavior
  - com.google.common.collect.SortedLists$KeyPresentBehavior$1
  - com.google.common.collect.SortedLists$KeyPresentBehavior$2
  - com.google.common.collect.SortedLists$KeyPresentBehavior$3
  - com.google.common.collect.SortedLists$KeyPresentBehavior$4
  - com.google.common.collect.SortedLists$KeyPresentBehavior$5
  - com.google.common.collect.Streams
  - com.google.common.collect.Tables
  - com.google.common.collect.Tables$1
  - com.google.common.collect.Tables$AbstractCell
  - com.google.common.collect.Tables$ImmutableCell
  - com.google.common.collect.Tables$TransformedTable
  - com.google.common.collect.Tables$TransformedTable$1
  - com.google.common.collect.Tables$TransformedTable$2
  - com.google.common.collect.Tables$TransformedTable$3
  - com.google.common.collect.Tables$TransposeTable
  - com.google.common.collect.Tables$TransposeTable$1
  - com.google.common.collect.Tables$UnmodifiableRowSortedMap
  - com.google.common.collect.Tables$UnmodifiableTable
  - com.google.common.collect.TopKSelector
  - com.google.common.collect.UnmodifiableIterator
  - com.google.common.collect.UnmodifiableListIterator
  - com.google.common.hash.Crc32cHashFunction
  - com.google.common.hash.Crc32cHashFunction$Crc32cHasher
  - com.google.common.hash.HashCode
  - com.google.common.hash.HashCode$BytesHashCode
  - com.google.common.hash.HashCode$IntHashCode
  - com.google.common.hash.HashCode$LongHashCode
  - com.google.common.hash.Hashing
  - com.google.common.hash.Hashing$ChecksumType
  - com.google.common.hash.Hashing$ChecksumType$1
  - com.google.common.hash.Hashing$ChecksumType$2
  - com.google.common.hash.Hashing$ConcatenatedHashFunction
  - com.google.common.hash.Hashing$LinearCongruentialGenerator
  - com.google.common.io.BaseEncoding
  - com.google.common.io.BaseEncoding$3
  - com.google.common.io.BaseEncoding$4
  - com.google.common.io.BaseEncoding$5
  - com.google.common.io.BaseEncoding$Alphabet
  - com.google.common.io.BaseEncoding$Base16Encoding
  - com.google.common.io.BaseEncoding$Base64Encoding
  - com.google.common.io.BaseEncoding$SeparatedBaseEncoding
  - com.google.common.io.BaseEncoding$StandardBaseEncoding
  - com.google.common.io.BaseEncoding$StandardBaseEncoding$1
  - com.google.common.io.BaseEncoding$StandardBaseEncoding$2
  - com.google.common.io.CharStreams
  - com.google.common.io.CountingOutputStream
  - com.google.common.io.FileBackedOutputStream
  - com.google.common.io.FileBackedOutputStream$1
  - com.google.common.io.FileBackedOutputStream$2
  - com.google.common.io.FileBackedOutputStream$MemoryOutput
  - com.google.common.io.LineReader
  - com.google.common.io.LittleEndianDataInputStream
  - com.google.common.net.HttpHeaders
  - com.google.common.net.HttpHeaders$ReferrerPolicyValues
  - com.google.common.net.InternetDomainName
  - com.google.common.net.UrlEscapers
  - com.google.common.primitives.Platform
  - com.google.common.reflect.ImmutableTypeToInstanceMap
  - com.google.common.reflect.ImmutableTypeToInstanceMap$Builder
  - com.google.common.reflect.MutableTypeToInstanceMap
  - com.google.common.reflect.MutableTypeToInstanceMap$UnmodifiableEntry
  - com.google.common.reflect.MutableTypeToInstanceMap$UnmodifiableEntry$1
  - com.google.common.reflect.MutableTypeToInstanceMap$UnmodifiableEntry$2
  - com.google.common.util.concurrent.AggregateFuture
  - com.google.common.util.concurrent.AggregateFuture$ReleaseResourcesReason
  - com.google.common.util.concurrent.Callables
  - com.google.common.util.concurrent.Callables$3
  - com.google.common.util.concurrent.Callables$4
  - com.google.common.util.concurrent.ClosingFuture
  - com.google.common.util.concurrent.ClosingFuture$1
  - com.google.common.util.concurrent.ClosingFuture$10
  - com.google.common.util.concurrent.ClosingFuture$11
  - com.google.common.util.concurrent.ClosingFuture$12
  - com.google.common.util.concurrent.ClosingFuture$2
  - com.google.common.util.concurrent.ClosingFuture$3
  - com.google.common.util.concurrent.ClosingFuture$4
  - com.google.common.util.concurrent.ClosingFuture$5
  - com.google.common.util.concurrent.ClosingFuture$6
  - com.google.common.util.concurrent.ClosingFuture$7
  - com.google.common.util.concurrent.ClosingFuture$8
  - com.google.common.util.concurrent.ClosingFuture$9
  - com.google.common.util.concurrent.ClosingFuture$CloseableList
  - com.google.common.util.concurrent.ClosingFuture$Combiner
  - com.google.common.util.concurrent.ClosingFuture$Combiner$1
  - com.google.common.util.concurrent.ClosingFuture$Combiner$2
  - com.google.common.util.concurrent.ClosingFuture$Combiner$3
  - com.google.common.util.concurrent.ClosingFuture$Combiner2
  - com.google.common.util.concurrent.ClosingFuture$Combiner2$1
  - com.google.common.util.concurrent.ClosingFuture$Combiner2$2
  - com.google.common.util.concurrent.ClosingFuture$Combiner3
  - com.google.common.util.concurrent.ClosingFuture$Combiner3$1
  - com.google.common.util.concurrent.ClosingFuture$Combiner3$2
  - com.google.common.util.concurrent.ClosingFuture$Combiner4
  - com.google.common.util.concurrent.ClosingFuture$Combiner4$1
  - com.google.common.util.concurrent.ClosingFuture$Combiner4$2
  - com.google.common.util.concurrent.ClosingFuture$Combiner5
  - com.google.common.util.concurrent.ClosingFuture$Combiner5$1
  - com.google.common.util.concurrent.ClosingFuture$Combiner5$2
  - com.google.common.util.concurrent.ClosingFuture$DeferredCloser
  - com.google.common.util.concurrent.ClosingFuture$Peeker
  - com.google.common.util.concurrent.ClosingFuture$State
  - com.google.common.util.concurrent.ClosingFuture$ValueAndCloser
  - com.google.common.util.concurrent.CollectionFuture
  - com.google.common.util.concurrent.CollectionFuture$ListFuture
  - com.google.common.util.concurrent.CollectionFuture$Present
  - com.google.common.util.concurrent.Futures
  - com.google.common.util.concurrent.IgnoreJRERequirement
  - com.google.common.util.concurrent.MoreExecutors
  - com.google.common.util.concurrent.MoreExecutors$1
  - com.google.common.util.concurrent.MoreExecutors$3
  - com.google.common.util.concurrent.MoreExecutors$4
  - com.google.common.util.concurrent.MoreExecutors$5
  - com.google.common.util.concurrent.MoreExecutors$ListeningDecorator
  - com.google.common.util.concurrent.MoreExecutors$ScheduledListeningDecorator
  - com.google.common.util.concurrent.MoreExecutors$ScheduledListeningDecorator$ListenableScheduledTask
  - com.google.common.util.concurrent.MoreExecutors$ScheduledListeningDecorator$NeverSuccessfulListenableFutureTask
  - com.google.common.xml.XmlEscapers
  - com.google.thirdparty.publicsuffix.PublicSuffixPatterns
  - com.google.thirdparty.publicsuffix.TrieParser
[org.checkerframework:checker-qual, org.checkerframework:dataflow-shaded]
  - org.checkerframework.checker.builder.qual.CalledMethods
  - org.checkerframework.checker.builder.qual.NotCalledMethods
  - org.checkerframework.checker.builder.qual.ReturnsReceiver
  - org.checkerframework.checker.calledmethods.qual.CalledMethods
  - org.checkerframework.checker.calledmethods.qual.CalledMethodsBottom
  - org.checkerframework.checker.calledmethods.qual.CalledMethodsPredicate
  - org.checkerframework.checker.calledmethods.qual.EnsuresCalledMethods
  - org.checkerframework.checker.calledmethods.qual.EnsuresCalledMethodsIf
  - org.checkerframework.checker.calledmethods.qual.EnsuresCalledMethodsIf$List
  - org.checkerframework.checker.compilermsgs.qual.CompilerMessageKey
  - org.checkerframework.checker.compilermsgs.qual.CompilerMessageKeyBottom
  - org.checkerframework.checker.compilermsgs.qual.UnknownCompilerMessageKey
  - org.checkerframework.checker.fenum.qual.AwtAlphaCompositingRule
  - org.checkerframework.checker.fenum.qual.AwtColorSpace
  - org.checkerframework.checker.fenum.qual.AwtCursorType
  - org.checkerframework.checker.fenum.qual.AwtFlowLayout
  - org.checkerframework.checker.fenum.qual.Fenum
  - org.checkerframework.checker.fenum.qual.FenumBottom
  - org.checkerframework.checker.fenum.qual.FenumTop
  - org.checkerframework.checker.fenum.qual.FenumUnqualified
  - org.checkerframework.checker.fenum.qual.PolyFenum
  - org.checkerframework.checker.fenum.qual.SwingBoxOrientation
  - org.checkerframework.checker.fenum.qual.SwingCompassDirection
  - org.checkerframework.checker.fenum.qual.SwingElementOrientation
  - org.checkerframework.checker.fenum.qual.SwingHorizontalOrientation
  - org.checkerframework.checker.fenum.qual.SwingSplitPaneOrientation
  - org.checkerframework.checker.fenum.qual.SwingTextOrientation
  - org.checkerframework.checker.fenum.qual.SwingTitleJustification
  - org.checkerframework.checker.fenum.qual.SwingTitlePosition
  - org.checkerframework.checker.fenum.qual.SwingVerticalOrientation
  - org.checkerframework.checker.formatter.qual.ConversionCategory
  - org.checkerframework.checker.formatter.qual.Format
  - org.checkerframework.checker.formatter.qual.FormatBottom
  - org.checkerframework.checker.formatter.qual.FormatMethod
  - org.checkerframework.checker.formatter.qual.InvalidFormat
  - org.checkerframework.checker.formatter.qual.ReturnsFormat
  - org.checkerframework.checker.formatter.qual.UnknownFormat
  - org.checkerframework.checker.guieffect.qual.AlwaysSafe
  - org.checkerframework.checker.guieffect.qual.PolyUI
  - org.checkerframework.checker.guieffect.qual.PolyUIEffect
  - org.checkerframework.checker.guieffect.qual.PolyUIType
  - org.checkerframework.checker.guieffect.qual.SafeEffect
  - org.checkerframework.checker.guieffect.qual.SafeType
  - org.checkerframework.checker.guieffect.qual.UI
  - org.checkerframework.checker.guieffect.qual.UIEffect
  - org.checkerframework.checker.guieffect.qual.UIPackage
  - org.checkerframework.checker.guieffect.qual.UIType
  - org.checkerframework.checker.i18n.qual.LocalizableKey
  - org.checkerframework.checker.i18n.qual.LocalizableKeyBottom
  - org.checkerframework.checker.i18n.qual.Localized
  - org.checkerframework.checker.i18n.qual.UnknownLocalizableKey
  - org.checkerframework.checker.i18n.qual.UnknownLocalized
  - org.checkerframework.checker.i18nformatter.qual.I18nChecksFormat
  - org.checkerframework.checker.i18nformatter.qual.I18nConversionCategory
  - org.checkerframework.checker.i18nformatter.qual.I18nFormat
  - org.checkerframework.checker.i18nformatter.qual.I18nFormatBottom
  - org.checkerframework.checker.i18nformatter.qual.I18nFormatFor
  - org.checkerframework.checker.i18nformatter.qual.I18nInvalidFormat
  - org.checkerframework.checker.i18nformatter.qual.I18nMakeFormat
  - org.checkerframework.checker.i18nformatter.qual.I18nUnknownFormat
  - org.checkerframework.checker.i18nformatter.qual.I18nValidFormat
  - org.checkerframework.checker.index.qual.EnsuresLTLengthOf
  - org.checkerframework.checker.index.qual.EnsuresLTLengthOf$List
  - org.checkerframework.checker.index.qual.EnsuresLTLengthOfIf
  - org.checkerframework.checker.index.qual.EnsuresLTLengthOfIf$List
  - org.checkerframework.checker.index.qual.GTENegativeOne
  - org.checkerframework.checker.index.qual.HasSubsequence
  - org.checkerframework.checker.index.qual.IndexFor
  - org.checkerframework.checker.index.qual.IndexOrHigh
  - org.checkerframework.checker.index.qual.IndexOrLow
  - org.checkerframework.checker.index.qual.LTEqLengthOf
  - org.checkerframework.checker.index.qual.LTLengthOf
  - org.checkerframework.checker.index.qual.LTOMLengthOf
  - org.checkerframework.checker.index.qual.LengthOf
  - org.checkerframework.checker.index.qual.LessThan
  - org.checkerframework.checker.index.qual.LessThanBottom
  - org.checkerframework.checker.index.qual.LessThanUnknown
  - org.checkerframework.checker.index.qual.LowerBoundBottom
  - org.checkerframework.checker.index.qual.LowerBoundUnknown
  - org.checkerframework.checker.index.qual.NegativeIndexFor
  - org.checkerframework.checker.index.qual.NonNegative
  - org.checkerframework.checker.index.qual.PolyIndex
  - org.checkerframework.checker.index.qual.PolyLength
  - org.checkerframework.checker.index.qual.PolyLowerBound
  - org.checkerframework.checker.index.qual.PolySameLen
  - org.checkerframework.checker.index.qual.PolyUpperBound
  - org.checkerframework.checker.index.qual.Positive
  - org.checkerframework.checker.index.qual.SameLen
  - org.checkerframework.checker.index.qual.SameLenBottom
  - org.checkerframework.checker.index.qual.SameLenUnknown
  - org.checkerframework.checker.index.qual.SearchIndexBottom
  - org.checkerframework.checker.index.qual.SearchIndexFor
  - org.checkerframework.checker.index.qual.SearchIndexUnknown
  - org.checkerframework.checker.index.qual.SubstringIndexBottom
  - org.checkerframework.checker.index.qual.SubstringIndexFor
  - org.checkerframework.checker.index.qual.SubstringIndexUnknown
  - org.checkerframework.checker.index.qual.UpperBoundBottom
  - org.checkerframework.checker.index.qual.UpperBoundUnknown
  - org.checkerframework.checker.initialization.qual.FBCBottom
  - org.checkerframework.checker.initialization.qual.Initialized
  - org.checkerframework.checker.initialization.qual.NotOnlyInitialized
  - org.checkerframework.checker.initialization.qual.UnderInitialization
  - org.checkerframework.checker.initialization.qual.UnknownInitialization
  - org.checkerframework.checker.interning.qual.CompareToMethod
  - org.checkerframework.checker.interning.qual.EqualsMethod
  - org.checkerframework.checker.interning.qual.FindDistinct
  - org.checkerframework.checker.interning.qual.InternMethod
  - org.checkerframework.checker.interning.qual.Interned
  - org.checkerframework.checker.interning.qual.InternedDistinct
  - org.checkerframework.checker.interning.qual.PolyInterned
  - org.checkerframework.checker.interning.qual.UnknownInterned
  - org.checkerframework.checker.interning.qual.UsesObjectEquals
  - org.checkerframework.checker.lock.qual.EnsuresLockHeld
  - org.checkerframework.checker.lock.qual.EnsuresLockHeld$List
  - org.checkerframework.checker.lock.qual.EnsuresLockHeldIf
  - org.checkerframework.checker.lock.qual.EnsuresLockHeldIf$List
  - org.checkerframework.checker.lock.qual.GuardSatisfied
  - org.checkerframework.checker.lock.qual.GuardedBy
  - org.checkerframework.checker.lock.qual.GuardedByBottom
  - org.checkerframework.checker.lock.qual.GuardedByUnknown
  - org.checkerframework.checker.lock.qual.Holding
  - org.checkerframework.checker.lock.qual.LockHeld
  - org.checkerframework.checker.lock.qual.LockPossiblyHeld
  - org.checkerframework.checker.lock.qual.LockingFree
  - org.checkerframework.checker.lock.qual.MayReleaseLocks
  - org.checkerframework.checker.lock.qual.ReleasesNoLocks
  - org.checkerframework.checker.nullness.qual.AssertNonNullIfNonNull
  - org.checkerframework.checker.nullness.qual.EnsuresKeyFor
  - org.checkerframework.checker.nullness.qual.EnsuresKeyFor$List
  - org.checkerframework.checker.nullness.qual.EnsuresKeyForIf
  - org.checkerframework.checker.nullness.qual.EnsuresKeyForIf$List
  - org.checkerframework.checker.nullness.qual.EnsuresNonNull
  - org.checkerframework.checker.nullness.qual.EnsuresNonNull$List
  - org.checkerframework.checker.nullness.qual.EnsuresNonNullIf
  - org.checkerframework.checker.nullness.qual.EnsuresNonNullIf$List
  - org.checkerframework.checker.nullness.qual.KeyFor
  - org.checkerframework.checker.nullness.qual.KeyForBottom
  - org.checkerframework.checker.nullness.qual.MonotonicNonNull
  - org.checkerframework.checker.nullness.qual.NonNull
  - org.checkerframework.checker.nullness.qual.Nullable
  - org.checkerframework.checker.nullness.qual.PolyKeyFor
  - org.checkerframework.checker.nullness.qual.PolyNull
  - org.checkerframework.checker.nullness.qual.RequiresNonNull
  - org.checkerframework.checker.nullness.qual.UnknownKeyFor
  - org.checkerframework.checker.optional.qual.MaybePresent
  - org.checkerframework.checker.optional.qual.PolyPresent
  - org.checkerframework.checker.optional.qual.Present
  - org.checkerframework.checker.propkey.qual.PropertyKey
  - org.checkerframework.checker.propkey.qual.PropertyKeyBottom
  - org.checkerframework.checker.propkey.qual.UnknownPropertyKey
  - org.checkerframework.checker.regex.qual.PartialRegex
  - org.checkerframework.checker.regex.qual.PolyRegex
  - org.checkerframework.checker.regex.qual.Regex
  - org.checkerframework.checker.regex.qual.RegexBottom
  - org.checkerframework.checker.regex.qual.UnknownRegex
  - org.checkerframework.checker.signature.qual.ArrayWithoutPackage
  - org.checkerframework.checker.signature.qual.BinaryName
  - org.checkerframework.checker.signature.qual.BinaryNameOrPrimitiveType
  - org.checkerframework.checker.signature.qual.BinaryNameWithoutPackage
  - org.checkerframework.checker.signature.qual.CanonicalName
  - org.checkerframework.checker.signature.qual.CanonicalNameOrEmpty
  - org.checkerframework.checker.signature.qual.ClassGetName
  - org.checkerframework.checker.signature.qual.ClassGetSimpleName
  - org.checkerframework.checker.signature.qual.DotSeparatedIdentifiers
  - org.checkerframework.checker.signature.qual.DotSeparatedIdentifiersOrPrimitiveType
  - org.checkerframework.checker.signature.qual.FieldDescriptor
  - org.checkerframework.checker.signature.qual.FieldDescriptorForPrimitive
  - org.checkerframework.checker.signature.qual.FieldDescriptorWithoutPackage
  - org.checkerframework.checker.signature.qual.FqBinaryName
  - org.checkerframework.checker.signature.qual.FullyQualifiedName
  - org.checkerframework.checker.signature.qual.Identifier
  - org.checkerframework.checker.signature.qual.IdentifierOrPrimitiveType
  - org.checkerframework.checker.signature.qual.InternalForm
  - org.checkerframework.checker.signature.qual.MethodDescriptor
  - org.checkerframework.checker.signature.qual.PolySignature
  - org.checkerframework.checker.signature.qual.PrimitiveType
  - org.checkerframework.checker.signature.qual.SignatureBottom
  - org.checkerframework.checker.signature.qual.SignatureUnknown
  - org.checkerframework.checker.signedness.qual.PolySigned
  - org.checkerframework.checker.signedness.qual.Signed
  - org.checkerframework.checker.signedness.qual.SignedPositive
  - org.checkerframework.checker.signedness.qual.SignedPositiveFromUnsigned
  - org.checkerframework.checker.signedness.qual.SignednessBottom
  - org.checkerframework.checker.signedness.qual.SignednessGlb
  - org.checkerframework.checker.signedness.qual.UnknownSignedness
  - org.checkerframework.checker.signedness.qual.Unsigned
  - org.checkerframework.checker.tainting.qual.PolyTainted
  - org.checkerframework.checker.tainting.qual.Tainted
  - org.checkerframework.checker.tainting.qual.Untainted
  - org.checkerframework.checker.units.qual.A
  - org.checkerframework.checker.units.qual.Acceleration
  - org.checkerframework.checker.units.qual.Angle
  - org.checkerframework.checker.units.qual.Area
  - org.checkerframework.checker.units.qual.C
  - org.checkerframework.checker.units.qual.Current
  - org.checkerframework.checker.units.qual.K
  - org.checkerframework.checker.units.qual.Length
  - org.checkerframework.checker.units.qual.Luminance
  - org.checkerframework.checker.units.qual.Mass
  - org.checkerframework.checker.units.qual.MixedUnits
  - org.checkerframework.checker.units.qual.PolyUnit
  - org.checkerframework.checker.units.qual.Prefix
  - org.checkerframework.checker.units.qual.Speed
  - org.checkerframework.checker.units.qual.Substance
  - org.checkerframework.checker.units.qual.Temperature
  - org.checkerframework.checker.units.qual.Time
  - org.checkerframework.checker.units.qual.UnitsBottom
  - org.checkerframework.checker.units.qual.UnitsMultiple
  - org.checkerframework.checker.units.qual.UnitsRelations
  - org.checkerframework.checker.units.qual.UnknownUnits
  - org.checkerframework.checker.units.qual.cd
  - org.checkerframework.checker.units.qual.degrees
  - org.checkerframework.checker.units.qual.g
  - org.checkerframework.checker.units.qual.h
  - org.checkerframework.checker.units.qual.kg
  - org.checkerframework.checker.units.qual.km
  - org.checkerframework.checker.units.qual.km2
  - org.checkerframework.checker.units.qual.kmPERh
  - org.checkerframework.checker.units.qual.m
  - org.checkerframework.checker.units.qual.m2
  - org.checkerframework.checker.units.qual.mPERs
  - org.checkerframework.checker.units.qual.mPERs2
  - org.checkerframework.checker.units.qual.min
  - org.checkerframework.checker.units.qual.mm
  - org.checkerframework.checker.units.qual.mm2
  - org.checkerframework.checker.units.qual.mol
  - org.checkerframework.checker.units.qual.radians
  - org.checkerframework.checker.units.qual.s
  - org.checkerframework.common.aliasing.qual.LeakedToResult
  - org.checkerframework.common.aliasing.qual.MaybeAliased
  - org.checkerframework.common.aliasing.qual.MaybeLeaked
  - org.checkerframework.common.aliasing.qual.NonLeaked
  - org.checkerframework.common.aliasing.qual.Unique
  - org.checkerframework.common.initializedfields.qual.EnsuresInitializedFields
  - org.checkerframework.common.initializedfields.qual.EnsuresInitializedFields$List
  - org.checkerframework.common.initializedfields.qual.InitializedFields
  - org.checkerframework.common.initializedfields.qual.InitializedFieldsBottom
  - org.checkerframework.common.initializedfields.qual.PolyInitializedFields
  - org.checkerframework.common.reflection.qual.ClassBound
  - org.checkerframework.common.reflection.qual.ClassVal
  - org.checkerframework.common.reflection.qual.ClassValBottom
  - org.checkerframework.common.reflection.qual.ForName
  - org.checkerframework.common.reflection.qual.GetClass
  - org.checkerframework.common.reflection.qual.GetConstructor
  - org.checkerframework.common.reflection.qual.GetMethod
  - org.checkerframework.common.reflection.qual.Invoke
  - org.checkerframework.common.reflection.qual.MethodVal
  - org.checkerframework.common.reflection.qual.MethodValBottom
  - org.checkerframework.common.reflection.qual.NewInstance
  - org.checkerframework.common.reflection.qual.UnknownClass
  - org.checkerframework.common.reflection.qual.UnknownMethod
  - org.checkerframework.common.returnsreceiver.qual.BottomThis
  - org.checkerframework.common.returnsreceiver.qual.This
  - org.checkerframework.common.returnsreceiver.qual.UnknownThis
  - org.checkerframework.common.subtyping.qual.Bottom
  - org.checkerframework.common.subtyping.qual.Unqualified
  - org.checkerframework.common.util.report.qual.ReportCall
  - org.checkerframework.common.util.report.qual.ReportCreation
  - org.checkerframework.common.util.report.qual.ReportInherit
  - org.checkerframework.common.util.report.qual.ReportOverride
  - org.checkerframework.common.util.report.qual.ReportReadWrite
  - org.checkerframework.common.util.report.qual.ReportUnqualified
  - org.checkerframework.common.util.report.qual.ReportUse
  - org.checkerframework.common.util.report.qual.ReportWrite
  - org.checkerframework.common.value.qual.ArrayLen
  - org.checkerframework.common.value.qual.ArrayLenRange
  - org.checkerframework.common.value.qual.BoolVal
  - org.checkerframework.common.value.qual.BottomVal
  - org.checkerframework.common.value.qual.DoubleVal
  - org.checkerframework.common.value.qual.EnsuresMinLenIf
  - org.checkerframework.common.value.qual.EnsuresMinLenIf$List
  - org.checkerframework.common.value.qual.EnumVal
  - org.checkerframework.common.value.qual.IntRange
  - org.checkerframework.common.value.qual.IntRangeFromGTENegativeOne
  - org.checkerframework.common.value.qual.IntRangeFromNonNegative
  - org.checkerframework.common.value.qual.IntRangeFromPositive
  - org.checkerframework.common.value.qual.IntVal
  - org.checkerframework.common.value.qual.MatchesRegex
  - org.checkerframework.common.value.qual.MinLen
  - org.checkerframework.common.value.qual.MinLenFieldInvariant
  - org.checkerframework.common.value.qual.PolyValue
  - org.checkerframework.common.value.qual.StaticallyExecutable
  - org.checkerframework.common.value.qual.StringVal
  - org.checkerframework.common.value.qual.UnknownVal
  - org.checkerframework.framework.qual.AnnotatedFor
  - org.checkerframework.framework.qual.CFComment
  - org.checkerframework.framework.qual.ConditionalPostconditionAnnotation
  - org.checkerframework.framework.qual.Covariant
  - org.checkerframework.framework.qual.DefaultFor
  - org.checkerframework.framework.qual.DefaultQualifier
  - org.checkerframework.framework.qual.DefaultQualifier$List
  - org.checkerframework.framework.qual.DefaultQualifierForUse
  - org.checkerframework.framework.qual.DefaultQualifierInHierarchy
  - org.checkerframework.framework.qual.EnsuresQualifier
  - org.checkerframework.framework.qual.EnsuresQualifier$List
  - org.checkerframework.framework.qual.EnsuresQualifierIf
  - org.checkerframework.framework.qual.EnsuresQualifierIf$List
  - org.checkerframework.framework.qual.FieldInvariant
  - org.checkerframework.framework.qual.FromByteCode
  - org.checkerframework.framework.qual.FromStubFile
  - org.checkerframework.framework.qual.HasQualifierParameter
  - org.checkerframework.framework.qual.IgnoreInWholeProgramInference
  - org.checkerframework.framework.qual.InheritedAnnotation
  - org.checkerframework.framework.qual.InvisibleQualifier
  - org.checkerframework.framework.qual.JavaExpression
  - org.checkerframework.framework.qual.LiteralKind
  - org.checkerframework.framework.qual.MonotonicQualifier
  - org.checkerframework.framework.qual.NoDefaultQualifierForUse
  - org.checkerframework.framework.qual.NoQualifierParameter
  - org.checkerframework.framework.qual.PolymorphicQualifier
  - org.checkerframework.framework.qual.PostconditionAnnotation
  - org.checkerframework.framework.qual.PreconditionAnnotation
  - org.checkerframework.framework.qual.QualifierArgument
  - org.checkerframework.framework.qual.QualifierForLiterals
  - org.checkerframework.framework.qual.RelevantJavaTypes
  - org.checkerframework.framework.qual.RequiresQualifier
  - org.checkerframework.framework.qual.RequiresQualifier$List
  - org.checkerframework.framework.qual.StubFiles
  - org.checkerframework.framework.qual.SubtypeOf
  - org.checkerframework.framework.qual.TargetLocations
  - org.checkerframework.framework.qual.TypeKind
  - org.checkerframework.framework.qual.TypeUseLocation
  - org.checkerframework.framework.qual.Unused
  - org.checkerframework.framework.qual.UpperBoundFor
[org.hamcrest:hamcrest, org.hamcrest:hamcrest-library]
  - org.hamcrest.Matchers
  - org.hamcrest.beans.HasProperty
  - org.hamcrest.beans.HasPropertyWithValue
  - org.hamcrest.beans.HasPropertyWithValue$1
  - org.hamcrest.beans.HasPropertyWithValue$2
  - org.hamcrest.beans.PropertyUtil
  - org.hamcrest.beans.SamePropertyValuesAs
  - org.hamcrest.beans.SamePropertyValuesAs$PropertyMatcher
  - org.hamcrest.collection.IsArray
  - org.hamcrest.collection.IsArrayContainingInAnyOrder
  - org.hamcrest.collection.IsArrayContainingInOrder
  - org.hamcrest.collection.IsArrayWithSize
  - org.hamcrest.collection.IsCollectionWithSize
  - org.hamcrest.collection.IsEmptyCollection
  - org.hamcrest.collection.IsEmptyIterable
  - org.hamcrest.collection.IsIn
  - org.hamcrest.collection.IsIterableContainingInAnyOrder
  - org.hamcrest.collection.IsIterableContainingInAnyOrder$Matching
  - org.hamcrest.collection.IsIterableContainingInOrder
  - org.hamcrest.collection.IsIterableContainingInOrder$MatchSeries
  - org.hamcrest.collection.IsIterableWithSize
  - org.hamcrest.collection.IsMapContaining
  - org.hamcrest.number.BigDecimalCloseTo
  - org.hamcrest.number.IsCloseTo
  - org.hamcrest.number.OrderingComparison
  - org.hamcrest.object.HasToString
  - org.hamcrest.object.IsCompatibleType
  - org.hamcrest.object.IsEventFrom
  - org.hamcrest.text.IsEmptyString
  - org.hamcrest.text.IsEqualIgnoringCase
  - org.hamcrest.text.StringContainsInOrder
  - org.hamcrest.xml.HasXPath
  - org.hamcrest.xml.HasXPath$1
